
Microsoft Visual Studio Solution File, Format Version 12.00
# Visual Studio Version 16
VisualStudioVersion = 16.0.30104.148
MinimumVisualStudioVersion = 10.0.40219.1
Project("{F184B08F-C81C-45F6-A57F-5ABD9991F28F}") = "Formulario Restaurante", "Formulario Restaurante\Formulario Restaurante.vbproj", "{D3682E51-978B-4829-B7CF-4B8213928298}"
EndProject
Global
	GlobalSection(SolutionConfigurationPlatforms) = preSolution
		Debug|Any CPU = Debug|Any CPU
		Release|Any CPU = Release|Any CPU
	EndGlobalSection
	GlobalSection(ProjectConfigurationPlatforms) = postSolution
		{D3682E51-978B-4829-B7CF-4B8213928298}.Debug|Any CPU.ActiveCfg = Debug|Any CPU
		{D3682E51-978B-4829-B7CF-4B8213928298}.Debug|Any CPU.Build.0 = Debug|Any CPU
		{D3682E51-978B-4829-B7CF-4B8213928298}.Release|Any CPU.ActiveCfg = Release|Any CPU
		{D3682E51-978B-4829-B7CF-4B8213928298}.Release|Any CPU.Build.0 = Release|Any CPU
	EndGlobalSection
	GlobalSection(SolutionProperties) = preSolution
		HideSolutionNode = FALSE
	EndGlobalSection
	GlobalSection(ExtensibilityGlobals) = postSolution
		SolutionGuid = {E7F2DB5F-4301-4675-A7C7-902AAFD1A954}
	EndGlobalSection
EndGlobal
