
Microsoft Visual Studio Solution File, Format Version 12.00
# Visual Studio Version 16
VisualStudioVersion = 16.0.30104.148
MinimumVisualStudioVersion = 10.0.40219.1
Project("{F184B08F-C81C-45F6-A57F-5ABD9991F28F}") = "ventana emergente y ciclo for", "ventana emergente y ciclo for\ventana emergente y ciclo for.vbproj", "{2EA02511-37DA-4486-8524-9C987A12F38F}"
EndProject
Global
	GlobalSection(SolutionConfigurationPlatforms) = preSolution
		Debug|Any CPU = Debug|Any CPU
		Release|Any CPU = Release|Any CPU
	EndGlobalSection
	GlobalSection(ProjectConfigurationPlatforms) = postSolution
		{2EA02511-37DA-4486-8524-9C987A12F38F}.Debug|Any CPU.ActiveCfg = Debug|Any CPU
		{2EA02511-37DA-4486-8524-9C987A12F38F}.Debug|Any CPU.Build.0 = Debug|Any CPU
		{2EA02511-37DA-4486-8524-9C987A12F38F}.Release|Any CPU.ActiveCfg = Release|Any CPU
		{2EA02511-37DA-4486-8524-9C987A12F38F}.Release|Any CPU.Build.0 = Release|Any CPU
	EndGlobalSection
	GlobalSection(SolutionProperties) = preSolution
		HideSolutionNode = FALSE
	EndGlobalSection
	GlobalSection(ExtensibilityGlobals) = postSolution
		SolutionGuid = {045DA26A-A2AC-49CA-8983-8A0CF31D7ED3}
	EndGlobalSection
EndGlobal
