
Microsoft Visual Studio Solution File, Format Version 12.00
# Visual Studio Version 16
VisualStudioVersion = 16.0.30104.148
MinimumVisualStudioVersion = 10.0.40219.1
Project("{F184B08F-C81C-45F6-A57F-5ABD9991F28F}") = "validaciones con error provider", "validaciones con error provider\validaciones con error provider.vbproj", "{C21E847A-6DE0-49AD-BEE1-8D45999D2912}"
EndProject
Global
	GlobalSection(SolutionConfigurationPlatforms) = preSolution
		Debug|Any CPU = Debug|Any CPU
		Release|Any CPU = Release|Any CPU
	EndGlobalSection
	GlobalSection(ProjectConfigurationPlatforms) = postSolution
		{C21E847A-6DE0-49AD-BEE1-8D45999D2912}.Debug|Any CPU.ActiveCfg = Debug|Any CPU
		{C21E847A-6DE0-49AD-BEE1-8D45999D2912}.Debug|Any CPU.Build.0 = Debug|Any CPU
		{C21E847A-6DE0-49AD-BEE1-8D45999D2912}.Release|Any CPU.ActiveCfg = Release|Any CPU
		{C21E847A-6DE0-49AD-BEE1-8D45999D2912}.Release|Any CPU.Build.0 = Release|Any CPU
	EndGlobalSection
	GlobalSection(SolutionProperties) = preSolution
		HideSolutionNode = FALSE
	EndGlobalSection
	GlobalSection(ExtensibilityGlobals) = postSolution
		SolutionGuid = {0C9EE2D2-AFEC-44D0-8F0F-E6B51F34FED1}
	EndGlobalSection
EndGlobal
